# This file is generated by running "yarn install" inside your project.
# Manual changes might be lost - proceed with caution!

__metadata:
  version: 6
  cacheKey: 8

"@bufbuild/buf-darwin-arm64@npm:1.23.1":
  version: 1.23.1
  resolution: "@bufbuild/buf-darwin-arm64@npm:1.23.1"
  conditions: os=darwin & cpu=arm64
  languageName: node
  linkType: hard

"@bufbuild/buf-darwin-x64@npm:1.23.1":
  version: 1.23.1
  resolution: "@bufbuild/buf-darwin-x64@npm:1.23.1"
  conditions: os=darwin & cpu=x64
  languageName: node
  linkType: hard

"@bufbuild/buf-linux-aarch64@npm:1.23.1":
  version: 1.23.1
  resolution: "@bufbuild/buf-linux-aarch64@npm:1.23.1"
  conditions: os=linux & cpu=arm64
  languageName: node
  linkType: hard

"@bufbuild/buf-linux-x64@npm:1.23.1":
  version: 1.23.1
  resolution: "@bufbuild/buf-linux-x64@npm:1.23.1"
  conditions: os=linux & cpu=x64
  languageName: node
  linkType: hard

"@bufbuild/buf-win32-arm64@npm:1.23.1":
  version: 1.23.1
  resolution: "@bufbuild/buf-win32-arm64@npm:1.23.1"
  conditions: os=win32 & cpu=arm64
  languageName: node
  linkType: hard

"@bufbuild/buf-win32-x64@npm:1.23.1":
  version: 1.23.1
  resolution: "@bufbuild/buf-win32-x64@npm:1.23.1"
  conditions: os=win32 & cpu=x64
  languageName: node
  linkType: hard

"@bufbuild/buf@npm:^1.23.1":
  version: 1.23.1
  resolution: "@bufbuild/buf@npm:1.23.1"
  dependencies:
    "@bufbuild/buf-darwin-arm64": 1.23.1
    "@bufbuild/buf-darwin-x64": 1.23.1
    "@bufbuild/buf-linux-aarch64": 1.23.1
    "@bufbuild/buf-linux-x64": 1.23.1
    "@bufbuild/buf-win32-arm64": 1.23.1
    "@bufbuild/buf-win32-x64": 1.23.1
  dependenciesMeta:
    "@bufbuild/buf-darwin-arm64":
      optional: true
    "@bufbuild/buf-darwin-x64":
      optional: true
    "@bufbuild/buf-linux-aarch64":
      optional: true
    "@bufbuild/buf-linux-x64":
      optional: true
    "@bufbuild/buf-win32-arm64":
      optional: true
    "@bufbuild/buf-win32-x64":
      optional: true
  bin:
    buf: bin/buf
    protoc-gen-buf-breaking: bin/protoc-gen-buf-breaking
    protoc-gen-buf-lint: bin/protoc-gen-buf-lint
  checksum: b144c0e672c6f34ad5b4ffe4c58de787ea9a254d588f669d878f0e95cf75c0681eac47b14c54041a135fffbbbf92eb6cf4d0a53219af3b15edfcdcea2139a8d7
  languageName: node
  linkType: hard

"@protobuf-ts/plugin-framework@npm:^2.9.0":
  version: 2.9.0
  resolution: "@protobuf-ts/plugin-framework@npm:2.9.0"
  dependencies:
    "@protobuf-ts/runtime": ^2.9.0
    typescript: ^3.9
  checksum: 1483bb1a49b6568d0fb5bfa2bac79cf1b18965b5b62e3169ca093a934b59668a00d664839ee3d156425fad363ffa0965f07d3a3933d9c84a9a5f73856853d8e0
  languageName: node
  linkType: hard

"@protobuf-ts/plugin@npm:^2.9.0":
  version: 2.9.0
  resolution: "@protobuf-ts/plugin@npm:2.9.0"
  dependencies:
    "@protobuf-ts/plugin-framework": ^2.9.0
    "@protobuf-ts/protoc": ^2.9.0
    "@protobuf-ts/runtime": ^2.9.0
    "@protobuf-ts/runtime-rpc": ^2.9.0
    typescript: ^3.9
  bin:
    protoc-gen-dump: bin/protoc-gen-dump
    protoc-gen-ts: bin/protoc-gen-ts
  checksum: 8871ea4a30f1ffc10702d41de729492a987e9b2ba6e0d78abfc1857271e6ffcdff1a2dc38c177715a3d1cf7d528d7a0799a8bcb79a0ea22f1391e357638245d7
  languageName: node
  linkType: hard

"@protobuf-ts/protoc@npm:^2.9.0":
  version: 2.9.0
  resolution: "@protobuf-ts/protoc@npm:2.9.0"
  bin:
    protoc: protoc.js
  checksum: 66a67d3b6b1910c6651e5b5fa596477bb7f17a845d48f7e57b397ff3e6000c3e5cdb36b0ffb27a07c3764c091374234dc62d6cec19820031210f2f47f75b1da4
  languageName: node
  linkType: hard

"@protobuf-ts/runtime-rpc@npm:^2.9.0":
  version: 2.9.0
  resolution: "@protobuf-ts/runtime-rpc@npm:2.9.0"
  dependencies:
    "@protobuf-ts/runtime": ^2.9.0
  checksum: dfcd538a8b7b6d97714214dae169b5a878b744285aeeceb90429727bf6b263e6233b928f1f64957d69a8878da5d04fb50e1461767052342d62dbc158a940e407
  languageName: node
  linkType: hard

"@protobuf-ts/runtime@npm:^2.9.0":
  version: 2.9.0
  resolution: "@protobuf-ts/runtime@npm:2.9.0"
  checksum: 62b2eafd0c8941734336f552f89898d224745550ad5eb8166e4bf28db75a1acc2b2e6f9c0b4d0db66bd6efab22fa987fa49c9435d0502cf8aa49f1dce5b35bd9
  languageName: node
  linkType: hard

"root-workspace-0b6124@workspace:.":
  version: 0.0.0-use.local
  resolution: "root-workspace-0b6124@workspace:."
  dependencies:
    "@bufbuild/buf": ^1.23.1
    "@protobuf-ts/plugin": ^2.9.0
  languageName: unknown
  linkType: soft

"typescript@npm:^3.9":
  version: 3.9.10
  resolution: "typescript@npm:3.9.10"
  bin:
    tsc: bin/tsc
    tsserver: bin/tsserver
  checksum: 46c842e2cd4797b88b66ef06c9c41dd21da48b95787072ccf39d5f2aa3124361bc4c966aa1c7f709fae0509614d76751455b5231b12dbb72eb97a31369e1ff92
  languageName: node
  linkType: hard

"typescript@patch:typescript@^3.9#~builtin<compat/typescript>":
  version: 3.9.10
  resolution: "typescript@patch:typescript@npm%3A3.9.10#~builtin<compat/typescript>::version=3.9.10&hash=3bd3d3"
  bin:
    tsc: bin/tsc
    tsserver: bin/tsserver
  checksum: dc7141ab555b23a8650a6787f98845fc11692063d02b75ff49433091b3af2fe3d773650dea18389d7c21f47d620fb3b110ea363dab4ab039417a6ccbbaf96fc2
  languageName: node
  linkType: hard
